// !$*UTF8*$!
{
	archiveVersion = 1;
	classes = {
	};
	objectVersion = 50;
	objects = {

/* Begin PBXBuildFile section */
		D8C2E0F82337ABAC00E4F606 /* ToDosResponse.json in Resources */ = {isa = PBXBuildFile; fileRef = D8C2E0F72337ABAC00E4F606 /* ToDosResponse.json */; };
		D8C2E0FA2337ABCA00E4F606 /* ToDosRequest.json in Resources */ = {isa = PBXBuildFile; fileRef = D8C2E0F92337ABCA00E4F606 /* ToDosRequest.json */; };
		D8CDFD862332E16600B14B6A /* AppDelegate.swift in Sources */ = {isa = PBXBuildFile; fileRef = D8CDFD852332E16600B14B6A /* AppDelegate.swift */; };
		D8CDFD882332E16600B14B6A /* ViewController.swift in Sources */ = {isa = PBXBuildFile; fileRef = D8CDFD872332E16600B14B6A /* ViewController.swift */; };
		D8CDFD8B2332E16600B14B6A /* Main.storyboard in Resources */ = {isa = PBXBuildFile; fileRef = D8CDFD892332E16600B14B6A /* Main.storyboard */; };
		D8CDFD8E2332E16600B14B6A /* MockAPIWIthURLProtocol.xcdatamodeld in Sources */ = {isa = PBXBuildFile; fileRef = D8CDFD8C2332E16600B14B6A /* MockAPIWIthURLProtocol.xcdatamodeld */; };
		D8CDFD902332E16800B14B6A /* Assets.xcassets in Resources */ = {isa = PBXBuildFile; fileRef = D8CDFD8F2332E16800B14B6A /* Assets.xcassets */; };
		D8CDFD932332E16800B14B6A /* LaunchScreen.storyboard in Resources */ = {isa = PBXBuildFile; fileRef = D8CDFD912332E16800B14B6A /* LaunchScreen.storyboard */; };
		D8CDFD9E2332E16800B14B6A /* MockAPIWIthURLProtocolTests.swift in Sources */ = {isa = PBXBuildFile; fileRef = D8CDFD9D2332E16800B14B6A /* MockAPIWIthURLProtocolTests.swift */; };
		D8CDFDA92332E16800B14B6A /* MockAPIWIthURLProtocolUITests.swift in Sources */ = {isa = PBXBuildFile; fileRef = D8CDFDA82332E16800B14B6A /* MockAPIWIthURLProtocolUITests.swift */; };
		D8CDFDB72332E1CB00B14B6A /* StubbedURLProtocol.swift in Sources */ = {isa = PBXBuildFile; fileRef = D8CDFDB62332E1CB00B14B6A /* StubbedURLProtocol.swift */; };
/* End PBXBuildFile section */

/* Begin PBXContainerItemProxy section */
		D8CDFD9A2332E16800B14B6A /* PBXContainerItemProxy */ = {
			isa = PBXContainerItemProxy;
			containerPortal = D8CDFD7A2332E16600B14B6A /* Project object */;
			proxyType = 1;
			remoteGlobalIDString = D8CDFD812332E16600B14B6A;
			remoteInfo = MockAPIWIthURLProtocol;
		};
		D8CDFDA52332E16800B14B6A /* PBXContainerItemProxy */ = {
			isa = PBXContainerItemProxy;
			containerPortal = D8CDFD7A2332E16600B14B6A /* Project object */;
			proxyType = 1;
			remoteGlobalIDString = D8CDFD812332E16600B14B6A;
			remoteInfo = MockAPIWIthURLProtocol;
		};
/* End PBXContainerItemProxy section */

/* Begin PBXFileReference section */
		D8C2E0F72337ABAC00E4F606 /* ToDosResponse.json */ = {isa = PBXFileReference; lastKnownFileType = text.json; path = ToDosResponse.json; sourceTree = "<group>"; };
		D8C2E0F92337ABCA00E4F606 /* ToDosRequest.json */ = {isa = PBXFileReference; lastKnownFileType = text.json; path = ToDosRequest.json; sourceTree = "<group>"; };
		D8CDFD822332E16600B14B6A /* MockAPIWIthURLProtocol.app */ = {isa = PBXFileReference; explicitFileType = wrapper.application; includeInIndex = 0; path = MockAPIWIthURLProtocol.app; sourceTree = BUILT_PRODUCTS_DIR; };
		D8CDFD852332E16600B14B6A /* AppDelegate.swift */ = {isa = PBXFileReference; lastKnownFileType = sourcecode.swift; path = AppDelegate.swift; sourceTree = "<group>"; };
		D8CDFD872332E16600B14B6A /* ViewController.swift */ = {isa = PBXFileReference; lastKnownFileType = sourcecode.swift; path = ViewController.swift; sourceTree = "<group>"; };
		D8CDFD8A2332E16600B14B6A /* Base */ = {isa = PBXFileReference; lastKnownFileType = file.storyboard; name = Base; path = Base.lproj/Main.storyboard; sourceTree = "<group>"; };
		D8CDFD8D2332E16600B14B6A /* MockAPIWIthURLProtocol.xcdatamodel */ = {isa = PBXFileReference; lastKnownFileType = wrapper.xcdatamodel; path = MockAPIWIthURLProtocol.xcdatamodel; sourceTree = "<group>"; };
		D8CDFD8F2332E16800B14B6A /* Assets.xcassets */ = {isa = PBXFileReference; lastKnownFileType = folder.assetcatalog; path = Assets.xcassets; sourceTree = "<group>"; };
		D8CDFD922332E16800B14B6A /* Base */ = {isa = PBXFileReference; lastKnownFileType = file.storyboard; name = Base; path = Base.lproj/LaunchScreen.storyboard; sourceTree = "<group>"; };
		D8CDFD942332E16800B14B6A /* Info.plist */ = {isa = PBXFileReference; lastKnownFileType = text.plist.xml; path = Info.plist; sourceTree = "<group>"; };
		D8CDFD992332E16800B14B6A /* MockAPIWIthURLProtocolTests.xctest */ = {isa = PBXFileReference; explicitFileType = wrapper.cfbundle; includeInIndex = 0; path = MockAPIWIthURLProtocolTests.xctest; sourceTree = BUILT_PRODUCTS_DIR; };
		D8CDFD9D2332E16800B14B6A /* MockAPIWIthURLProtocolTests.swift */ = {isa = PBXFileReference; lastKnownFileType = sourcecode.swift; path = MockAPIWIthURLProtocolTests.swift; sourceTree = "<group>"; };
		D8CDFD9F2332E16800B14B6A /* Info.plist */ = {isa = PBXFileReference; lastKnownFileType = text.plist.xml; path = Info.plist; sourceTree = "<group>"; };
		D8CDFDA42332E16800B14B6A /* MockAPIWIthURLProtocolUITests.xctest */ = {isa = PBXFileReference; explicitFileType = wrapper.cfbundle; includeInIndex = 0; path = MockAPIWIthURLProtocolUITests.xctest; sourceTree = BUILT_PRODUCTS_DIR; };
		D8CDFDA82332E16800B14B6A /* MockAPIWIthURLProtocolUITests.swift */ = {isa = PBXFileReference; lastKnownFileType = sourcecode.swift; path = MockAPIWIthURLProtocolUITests.swift; sourceTree = "<group>"; };
		D8CDFDAA2332E16800B14B6A /* Info.plist */ = {isa = PBXFileReference; lastKnownFileType = text.plist.xml; path = Info.plist; sourceTree = "<group>"; };
		D8CDFDB62332E1CB00B14B6A /* StubbedURLProtocol.swift */ = {isa = PBXFileReference; lastKnownFileType = sourcecode.swift; path = StubbedURLProtocol.swift; sourceTree = "<group>"; };
/* End PBXFileReference section */

/* Begin PBXFrameworksBuildPhase section */
		D8CDFD7F2332E16600B14B6A /* Frameworks */ = {
			isa = PBXFrameworksBuildPhase;
			buildActionMask = 2147483647;
			files = (
			);
			runOnlyForDeploymentPostprocessing = 0;
		};
		D8CDFD962332E16800B14B6A /* Frameworks */ = {
			isa = PBXFrameworksBuildPhase;
			buildActionMask = 2147483647;
			files = (
			);
			runOnlyForDeploymentPostprocessing = 0;
		};
		D8CDFDA12332E16800B14B6A /* Frameworks */ = {
			isa = PBXFrameworksBuildPhase;
			buildActionMask = 2147483647;
			files = (
			);
			runOnlyForDeploymentPostprocessing = 0;
		};
/* End PBXFrameworksBuildPhase section */

/* Begin PBXGroup section */
		D8C2E0F52336F1F500E4F606 /* Requests */ = {
			isa = PBXGroup;
			children = (
				D8C2E0F92337ABCA00E4F606 /* ToDosRequest.json */,
			);
			path = Requests;
			sourceTree = "<group>";
		};
		D8C2E0F62336F20200E4F606 /* Responses */ = {
			isa = PBXGroup;
			children = (
				D8C2E0F72337ABAC00E4F606 /* ToDosResponse.json */,
			);
			path = Responses;
			sourceTree = "<group>";
		};
		D8CDFD792332E16600B14B6A = {
			isa = PBXGroup;
			children = (
				D8CDFD842332E16600B14B6A /* MockAPIWIthURLProtocol */,
				D8CDFDB62332E1CB00B14B6A /* StubbedURLProtocol.swift */,
				D8CDFD9C2332E16800B14B6A /* MockAPIWIthURLProtocolTests */,
				D8CDFDA72332E16800B14B6A /* MockAPIWIthURLProtocolUITests */,
				D8CDFD832332E16600B14B6A /* Products */,
			);
			sourceTree = "<group>";
		};
		D8CDFD832332E16600B14B6A /* Products */ = {
			isa = PBXGroup;
			children = (
				D8CDFD822332E16600B14B6A /* MockAPIWIthURLProtocol.app */,
				D8CDFD992332E16800B14B6A /* MockAPIWIthURLProtocolTests.xctest */,
				D8CDFDA42332E16800B14B6A /* MockAPIWIthURLProtocolUITests.xctest */,
			);
			name = Products;
			sourceTree = "<group>";
		};
		D8CDFD842332E16600B14B6A /* MockAPIWIthURLProtocol */ = {
			isa = PBXGroup;
			children = (
				D8CDFD852332E16600B14B6A /* AppDelegate.swift */,
				D8CDFD872332E16600B14B6A /* ViewController.swift */,
				D8CDFD892332E16600B14B6A /* Main.storyboard */,
				D8CDFD8F2332E16800B14B6A /* Assets.xcassets */,
				D8CDFD912332E16800B14B6A /* LaunchScreen.storyboard */,
				D8CDFD942332E16800B14B6A /* Info.plist */,
				D8CDFD8C2332E16600B14B6A /* MockAPIWIthURLProtocol.xcdatamodeld */,
				D8C2E0F52336F1F500E4F606 /* Requests */,
				D8C2E0F62336F20200E4F606 /* Responses */,
			);
			path = MockAPIWIthURLProtocol;
			sourceTree = "<group>";
		};
		D8CDFD9C2332E16800B14B6A /* MockAPIWIthURLProtocolTests */ = {
			isa = PBXGroup;
			children = (
				D8CDFD9D2332E16800B14B6A /* MockAPIWIthURLProtocolTests.swift */,
				D8CDFD9F2332E16800B14B6A /* Info.plist */,
			);
			path = MockAPIWIthURLProtocolTests;
			sourceTree = "<group>";
		};
		D8CDFDA72332E16800B14B6A /* MockAPIWIthURLProtocolUITests */ = {
			isa = PBXGroup;
			children = (
				D8CDFDA82332E16800B14B6A /* MockAPIWIthURLProtocolUITests.swift */,
				D8CDFDAA2332E16800B14B6A /* Info.plist */,
			);
			path = MockAPIWIthURLProtocolUITests;
			sourceTree = "<group>";
		};
/* End PBXGroup section */

/* Begin PBXNativeTarget section */
		D8CDFD812332E16600B14B6A /* MockAPIWIthURLProtocol */ = {
			isa = PBXNativeTarget;
			buildConfigurationList = D8CDFDAD2332E16800B14B6A /* Build configuration list for PBXNativeTarget "MockAPIWIthURLProtocol" */;
			buildPhases = (
				D8CDFD7E2332E16600B14B6A /* Sources */,
				D8CDFD7F2332E16600B14B6A /* Frameworks */,
				D8CDFD802332E16600B14B6A /* Resources */,
			);
			buildRules = (
			);
			dependencies = (
			);
			name = MockAPIWIthURLProtocol;
			productName = MockAPIWIthURLProtocol;
			productReference = D8CDFD822332E16600B14B6A /* MockAPIWIthURLProtocol.app */;
			productType = "com.apple.product-type.application";
		};
		D8CDFD982332E16800B14B6A /* MockAPIWIthURLProtocolTests */ = {
			isa = PBXNativeTarget;
			buildConfigurationList = D8CDFDB02332E16800B14B6A /* Build configuration list for PBXNativeTarget "MockAPIWIthURLProtocolTests" */;
			buildPhases = (
				D8CDFD952332E16800B14B6A /* Sources */,
				D8CDFD962332E16800B14B6A /* Frameworks */,
				D8CDFD972332E16800B14B6A /* Resources */,
			);
			buildRules = (
			);
			dependencies = (
				D8CDFD9B2332E16800B14B6A /* PBXTargetDependency */,
			);
			name = MockAPIWIthURLProtocolTests;
			productName = MockAPIWIthURLProtocolTests;
			productReference = D8CDFD992332E16800B14B6A /* MockAPIWIthURLProtocolTests.xctest */;
			productType = "com.apple.product-type.bundle.unit-test";
		};
		D8CDFDA32332E16800B14B6A /* MockAPIWIthURLProtocolUITests */ = {
			isa = PBXNativeTarget;
			buildConfigurationList = D8CDFDB32332E16800B14B6A /* Build configuration list for PBXNativeTarget "MockAPIWIthURLProtocolUITests" */;
			buildPhases = (
				D8CDFDA02332E16800B14B6A /* Sources */,
				D8CDFDA12332E16800B14B6A /* Frameworks */,
				D8CDFDA22332E16800B14B6A /* Resources */,
			);
			buildRules = (
			);
			dependencies = (
				D8CDFDA62332E16800B14B6A /* PBXTargetDependency */,
			);
			name = MockAPIWIthURLProtocolUITests;
			productName = MockAPIWIthURLProtocolUITests;
			productReference = D8CDFDA42332E16800B14B6A /* MockAPIWIthURLProtocolUITests.xctest */;
			productType = "com.apple.product-type.bundle.ui-testing";
		};
/* End PBXNativeTarget section */

/* Begin PBXProject section */
		D8CDFD7A2332E16600B14B6A /* Project object */ = {
			isa = PBXProject;
			attributes = {
				LastSwiftUpdateCheck = 1030;
				LastUpgradeCheck = 1030;
				ORGANIZATIONNAME = 0;
				TargetAttributes = {
					D8CDFD812332E16600B14B6A = {
						CreatedOnToolsVersion = 10.3;
					};
					D8CDFD982332E16800B14B6A = {
						CreatedOnToolsVersion = 10.3;
						TestTargetID = D8CDFD812332E16600B14B6A;
					};
					D8CDFDA32332E16800B14B6A = {
						CreatedOnToolsVersion = 10.3;
						TestTargetID = D8CDFD812332E16600B14B6A;
					};
				};
			};
			buildConfigurationList = D8CDFD7D2332E16600B14B6A /* Build configuration list for PBXProject "MockAPIWIthURLProtocol" */;
			compatibilityVersion = "Xcode 9.3";
			developmentRegion = en;
			hasScannedForEncodings = 0;
			knownRegions = (
				en,
				Base,
			);
			mainGroup = D8CDFD792332E16600B14B6A;
			productRefGroup = D8CDFD832332E16600B14B6A /* Products */;
			projectDirPath = "";
			projectRoot = "";
			targets = (
				D8CDFD812332E16600B14B6A /* MockAPIWIthURLProtocol */,
				D8CDFD982332E16800B14B6A /* MockAPIWIthURLProtocolTests */,
				D8CDFDA32332E16800B14B6A /* MockAPIWIthURLProtocolUITests */,
			);
		};
/* End PBXProject section */

/* Begin PBXResourcesBuildPhase section */
		D8CDFD802332E16600B14B6A /* Resources */ = {
			isa = PBXResourcesBuildPhase;
			buildActionMask = 2147483647;
			files = (
				D8C2E0FA2337ABCA00E4F606 /* ToDosRequest.json in Resources */,
				D8CDFD932332E16800B14B6A /* LaunchScreen.storyboard in Resources */,
				D8CDFD902332E16800B14B6A /* Assets.xcassets in Resources */,
				D8C2E0F82337ABAC00E4F606 /* ToDosResponse.json in Resources */,
				D8CDFD8B2332E16600B14B6A /* Main.storyboard in Resources */,
			);
			runOnlyForDeploymentPostprocessing = 0;
		};
		D8CDFD972332E16800B14B6A /* Resources */ = {
			isa = PBXResourcesBuildPhase;
			buildActionMask = 2147483647;
			files = (
			);
			runOnlyForDeploymentPostprocessing = 0;
		};
		D8CDFDA22332E16800B14B6A /* Resources */ = {
			isa = PBXResourcesBuildPhase;
			buildActionMask = 2147483647;
			files = (
			);
			runOnlyForDeploymentPostprocessing = 0;
		};
/* End PBXResourcesBuildPhase section */

/* Begin PBXSourcesBuildPhase section */
		D8CDFD7E2332E16600B14B6A /* Sources */ = {
			isa = PBXSourcesBuildPhase;
			buildActionMask = 2147483647;
			files = (
				D8CDFD882332E16600B14B6A /* ViewController.swift in Sources */,
				D8CDFDB72332E1CB00B14B6A /* StubbedURLProtocol.swift in Sources */,
				D8CDFD862332E16600B14B6A /* AppDelegate.swift in Sources */,
				D8CDFD8E2332E16600B14B6A /* MockAPIWIthURLProtocol.xcdatamodeld in Sources */,
			);
			runOnlyForDeploymentPostprocessing = 0;
		};
		D8CDFD952332E16800B14B6A /* Sources */ = {
			isa = PBXSourcesBuildPhase;
			buildActionMask = 2147483647;
			files = (
				D8CDFD9E2332E16800B14B6A /* MockAPIWIthURLProtocolTests.swift in Sources */,
			);
			runOnlyForDeploymentPostprocessing = 0;
		};
		D8CDFDA02332E16800B14B6A /* Sources */ = {
			isa = PBXSourcesBuildPhase;
			buildActionMask = 2147483647;
			files = (
				D8CDFDA92332E16800B14B6A /* MockAPIWIthURLProtocolUITests.swift in Sources */,
			);
			runOnlyForDeploymentPostprocessing = 0;
		};
/* End PBXSourcesBuildPhase section */

/* Begin PBXTargetDependency section */
		D8CDFD9B2332E16800B14B6A /* PBXTargetDependency */ = {
			isa = PBXTargetDependency;
			target = D8CDFD812332E16600B14B6A /* MockAPIWIthURLProtocol */;
			targetProxy = D8CDFD9A2332E16800B14B6A /* PBXContainerItemProxy */;
		};
		D8CDFDA62332E16800B14B6A /* PBXTargetDependency */ = {
			isa = PBXTargetDependency;
			target = D8CDFD812332E16600B14B6A /* MockAPIWIthURLProtocol */;
			targetProxy = D8CDFDA52332E16800B14B6A /* PBXContainerItemProxy */;
		};
/* End PBXTargetDependency section */

/* Begin PBXVariantGroup section */
		D8CDFD892332E16600B14B6A /* Main.storyboard */ = {
			isa = PBXVariantGroup;
			children = (
				D8CDFD8A2332E16600B14B6A /* Base */,
			);
			name = Main.storyboard;
			sourceTree = "<group>";
		};
		D8CDFD912332E16800B14B6A /* LaunchScreen.storyboard */ = {
			isa = PBXVariantGroup;
			children = (
				D8CDFD922332E16800B14B6A /* Base */,
			);
			name = LaunchScreen.storyboard;
			sourceTree = "<group>";
		};
/* End PBXVariantGroup section */

/* Begin XCBuildConfiguration section */
		D8CDFDAB2332E16800B14B6A /* Debug */ = {
			isa = XCBuildConfiguration;
			buildSettings = {
				ALWAYS_SEARCH_USER_PATHS = NO;
				CLANG_ANALYZER_NONNULL = YES;
				CLANG_ANALYZER_NUMBER_OBJECT_CONVERSION = YES_AGGRESSIVE;
				CLANG_CXX_LANGUAGE_STANDARD = "gnu++14";
				CLANG_CXX_LIBRARY = "libc++";
				CLANG_ENABLE_MODULES = YES;
				CLANG_ENABLE_OBJC_ARC = YES;
				CLANG_ENABLE_OBJC_WEAK = YES;
				CLANG_WARN_BLOCK_CAPTURE_AUTORELEASING = YES;
				CLANG_WARN_BOOL_CONVERSION = YES;
				CLANG_WARN_COMMA = YES;
				CLANG_WARN_CONSTANT_CONVERSION = YES;
				CLANG_WARN_DEPRECATED_OBJC_IMPLEMENTATIONS = YES;
				CLANG_WARN_DIRECT_OBJC_ISA_USAGE = YES_ERROR;
				CLANG_WARN_DOCUMENTATION_COMMENTS = YES;
				CLANG_WARN_EMPTY_BODY = YES;
				CLANG_WARN_ENUM_CONVERSION = YES;
				CLANG_WARN_INFINITE_RECURSION = YES;
				CLANG_WARN_INT_CONVERSION = YES;
				CLANG_WARN_NON_LITERAL_NULL_CONVERSION = YES;
				CLANG_WARN_OBJC_IMPLICIT_RETAIN_SELF = YES;
				CLANG_WARN_OBJC_LITERAL_CONVERSION = YES;
				CLANG_WARN_OBJC_ROOT_CLASS = YES_ERROR;
				CLANG_WARN_RANGE_LOOP_ANALYSIS = YES;
				CLANG_WARN_STRICT_PROTOTYPES = YES;
				CLANG_WARN_SUSPICIOUS_MOVE = YES;
				CLANG_WARN_UNGUARDED_AVAILABILITY = YES_AGGRESSIVE;
				CLANG_WARN_UNREACHABLE_CODE = YES;
				CLANG_WARN__DUPLICATE_METHOD_MATCH = YES;
				CODE_SIGN_IDENTITY = "iPhone Developer";
				COPY_PHASE_STRIP = NO;
				DEBUG_INFORMATION_FORMAT = dwarf;
				ENABLE_STRICT_OBJC_MSGSEND = YES;
				ENABLE_TESTABILITY = YES;
				GCC_C_LANGUAGE_STANDARD = gnu11;
				GCC_DYNAMIC_NO_PIC = NO;
				GCC_NO_COMMON_BLOCKS = YES;
				GCC_OPTIMIZATION_LEVEL = 0;
				GCC_PREPROCESSOR_DEFINITIONS = (
					"DEBUG=1",
					"$(inherited)",
				);
				GCC_WARN_64_TO_32_BIT_CONVERSION = YES;
				GCC_WARN_ABOUT_RETURN_TYPE = YES_ERROR;
				GCC_WARN_UNDECLARED_SELECTOR = YES;
				GCC_WARN_UNINITIALIZED_AUTOS = YES_AGGRESSIVE;
				GCC_WARN_UNUSED_FUNCTION = YES;
				GCC_WARN_UNUSED_VARIABLE = YES;
				IPHONEOS_DEPLOYMENT_TARGET = 12.4;
				MTL_ENABLE_DEBUG_INFO = INCLUDE_SOURCE;
				MTL_FAST_MATH = YES;
				ONLY_ACTIVE_ARCH = YES;
				SDKROOT = iphoneos;
				SWIFT_ACTIVE_COMPILATION_CONDITIONS = DEBUG;
				SWIFT_OPTIMIZATION_LEVEL = "-Onone";
			};
			name = Debug;
		};
		D8CDFDAC2332E16800B14B6A /* Release */ = {
			isa = XCBuildConfiguration;
			buildSettings = {
				ALWAYS_SEARCH_USER_PATHS = NO;
				CLANG_ANALYZER_NONNULL = YES;
				CLANG_ANALYZER_NUMBER_OBJECT_CONVERSION = YES_AGGRESSIVE;
				CLANG_CXX_LANGUAGE_STANDARD = "gnu++14";
				CLANG_CXX_LIBRARY = "libc++";
				CLANG_ENABLE_MODULES = YES;
				CLANG_ENABLE_OBJC_ARC = YES;
				CLANG_ENABLE_OBJC_WEAK = YES;
				CLANG_WARN_BLOCK_CAPTURE_AUTORELEASING = YES;
				CLANG_WARN_BOOL_CONVERSION = YES;
				CLANG_WARN_COMMA = YES;
				CLANG_WARN_CONSTANT_CONVERSION = YES;
				CLANG_WARN_DEPRECATED_OBJC_IMPLEMENTATIONS = YES;
				CLANG_WARN_DIRECT_OBJC_ISA_USAGE = YES_ERROR;
				CLANG_WARN_DOCUMENTATION_COMMENTS = YES;
				CLANG_WARN_EMPTY_BODY = YES;
				CLANG_WARN_ENUM_CONVERSION = YES;
				CLANG_WARN_INFINITE_RECURSION = YES;
				CLANG_WARN_INT_CONVERSION = YES;
				CLANG_WARN_NON_LITERAL_NULL_CONVERSION = YES;
				CLANG_WARN_OBJC_IMPLICIT_RETAIN_SELF = YES;
				CLANG_WARN_OBJC_LITERAL_CONVERSION = YES;
				CLANG_WARN_OBJC_ROOT_CLASS = YES_ERROR;
				CLANG_WARN_RANGE_LOOP_ANALYSIS = YES;
				CLANG_WARN_STRICT_PROTOTYPES = YES;
				CLANG_WARN_SUSPICIOUS_MOVE = YES;
				CLANG_WARN_UNGUARDED_AVAILABILITY = YES_AGGRESSIVE;
				CLANG_WARN_UNREACHABLE_CODE = YES;
				CLANG_WARN__DUPLICATE_METHOD_MATCH = YES;
				CODE_SIGN_IDENTITY = "iPhone Developer";
				COPY_PHASE_STRIP = NO;
				DEBUG_INFORMATION_FORMAT = "dwarf-with-dsym";
				ENABLE_NS_ASSERTIONS = NO;
				ENABLE_STRICT_OBJC_MSGSEND = YES;
				GCC_C_LANGUAGE_STANDARD = gnu11;
				GCC_NO_COMMON_BLOCKS = YES;
				GCC_WARN_64_TO_32_BIT_CONVERSION = YES;
				GCC_WARN_ABOUT_RETURN_TYPE = YES_ERROR;
				GCC_WARN_UNDECLARED_SELECTOR = YES;
				GCC_WARN_UNINITIALIZED_AUTOS = YES_AGGRESSIVE;
				GCC_WARN_UNUSED_FUNCTION = YES;
				GCC_WARN_UNUSED_VARIABLE = YES;
				IPHONEOS_DEPLOYMENT_TARGET = 12.4;
				MTL_ENABLE_DEBUG_INFO = NO;
				MTL_FAST_MATH = YES;
				SDKROOT = iphoneos;
				SWIFT_COMPILATION_MODE = wholemodule;
				SWIFT_OPTIMIZATION_LEVEL = "-O";
				VALIDATE_PRODUCT = YES;
			};
			name = Release;
		};
		D8CDFDAE2332E16800B14B6A /* Debug */ = {
			isa = XCBuildConfiguration;
			buildSettings = {
				ASSETCATALOG_COMPILER_APPICON_NAME = AppIcon;
				CODE_SIGN_STYLE = Automatic;
				INFOPLIST_FILE = MockAPIWIthURLProtocol/Info.plist;
				LD_RUNPATH_SEARCH_PATHS = (
					"$(inherited)",
					"@executable_path/Frameworks",
				);
				PRODUCT_BUNDLE_IDENTIFIER = "-.MockAPIWIthURLProtocol";
				PRODUCT_NAME = "$(TARGET_NAME)";
				SWIFT_VERSION = 5.0;
				TARGETED_DEVICE_FAMILY = "1,2";
			};
			name = Debug;
		};
		D8CDFDAF2332E16800B14B6A /* Release */ = {
			isa = XCBuildConfiguration;
			buildSettings = {
				ASSETCATALOG_COMPILER_APPICON_NAME = AppIcon;
				CODE_SIGN_STYLE = Automatic;
				INFOPLIST_FILE = MockAPIWIthURLProtocol/Info.plist;
				LD_RUNPATH_SEARCH_PATHS = (
					"$(inherited)",
					"@executable_path/Frameworks",
				);
				PRODUCT_BUNDLE_IDENTIFIER = "-.MockAPIWIthURLProtocol";
				PRODUCT_NAME = "$(TARGET_NAME)";
				SWIFT_VERSION = 5.0;
				TARGETED_DEVICE_FAMILY = "1,2";
			};
			name = Release;
		};
		D8CDFDB12332E16800B14B6A /* Debug */ = {
			isa = XCBuildConfiguration;
			buildSettings = {
				ALWAYS_EMBED_SWIFT_STANDARD_LIBRARIES = YES;
				BUNDLE_LOADER = "$(TEST_HOST)";
				CODE_SIGN_STYLE = Automatic;
				INFOPLIST_FILE = MockAPIWIthURLProtocolTests/Info.plist;
				LD_RUNPATH_SEARCH_PATHS = (
					"$(inherited)",
					"@executable_path/Frameworks",
					"@loader_path/Frameworks",
				);
				PRODUCT_BUNDLE_IDENTIFIER = "-.MockAPIWIthURLProtocolTests";
				PRODUCT_NAME = "$(TARGET_NAME)";
				SWIFT_VERSION = 5.0;
				TARGETED_DEVICE_FAMILY = "1,2";
				TEST_HOST = "$(BUILT_PRODUCTS_DIR)/MockAPIWIthURLProtocol.app/MockAPIWIthURLProtocol";
			};
			name = Debug;
		};
		D8CDFDB22332E16800B14B6A /* Release */ = {
			isa = XCBuildConfiguration;
			buildSettings = {
				ALWAYS_EMBED_SWIFT_STANDARD_LIBRARIES = YES;
				BUNDLE_LOADER = "$(TEST_HOST)";
				CODE_SIGN_STYLE = Automatic;
				INFOPLIST_FILE = MockAPIWIthURLProtocolTests/Info.plist;
				LD_RUNPATH_SEARCH_PATHS = (
					"$(inherited)",
					"@executable_path/Frameworks",
					"@loader_path/Frameworks",
				);
				PRODUCT_BUNDLE_IDENTIFIER = "-.MockAPIWIthURLProtocolTests";
				PRODUCT_NAME = "$(TARGET_NAME)";
				SWIFT_VERSION = 5.0;
				TARGETED_DEVICE_FAMILY = "1,2";
				TEST_HOST = "$(BUILT_PRODUCTS_DIR)/MockAPIWIthURLProtocol.app/MockAPIWIthURLProtocol";
			};
			name = Release;
		};
		D8CDFDB42332E16800B14B6A /* Debug */ = {
			isa = XCBuildConfiguration;
			buildSettings = {
				ALWAYS_EMBED_SWIFT_STANDARD_LIBRARIES = YES;
				CODE_SIGN_STYLE = Automatic;
				INFOPLIST_FILE = MockAPIWIthURLProtocolUITests/Info.plist;
				LD_RUNPATH_SEARCH_PATHS = (
					"$(inherited)",
					"@executable_path/Frameworks",
					"@loader_path/Frameworks",
				);
				PRODUCT_BUNDLE_IDENTIFIER = "-.MockAPIWIthURLProtocolUITests";
				PRODUCT_NAME = "$(TARGET_NAME)";
				SWIFT_VERSION = 5.0;
				TARGETED_DEVICE_FAMILY = "1,2";
				TEST_TARGET_NAME = MockAPIWIthURLProtocol;
			};
			name = Debug;
		};
		D8CDFDB52332E16800B14B6A /* Release */ = {
			isa = XCBuildConfiguration;
			buildSettings = {
				ALWAYS_EMBED_SWIFT_STANDARD_LIBRARIES = YES;
				CODE_SIGN_STYLE = Automatic;
				INFOPLIST_FILE = MockAPIWIthURLProtocolUITests/Info.plist;
				LD_RUNPATH_SEARCH_PATHS = (
					"$(inherited)",
					"@executable_path/Frameworks",
					"@loader_path/Frameworks",
				);
				PRODUCT_BUNDLE_IDENTIFIER = "-.MockAPIWIthURLProtocolUITests";
				PRODUCT_NAME = "$(TARGET_NAME)";
				SWIFT_VERSION = 5.0;
				TARGETED_DEVICE_FAMILY = "1,2";
				TEST_TARGET_NAME = MockAPIWIthURLProtocol;
			};
			name = Release;
		};
/* End XCBuildConfiguration section */

/* Begin XCConfigurationList section */
		D8CDFD7D2332E16600B14B6A /* Build configuration list for PBXProject "MockAPIWIthURLProtocol" */ = {
			isa = XCConfigurationList;
			buildConfigurations = (
				D8CDFDAB2332E16800B14B6A /* Debug */,
				D8CDFDAC2332E16800B14B6A /* Release */,
			);
			defaultConfigurationIsVisible = 0;
			defaultConfigurationName = Release;
		};
		D8CDFDAD2332E16800B14B6A /* Build configuration list for PBXNativeTarget "MockAPIWIthURLProtocol" */ = {
			isa = XCConfigurationList;
			buildConfigurations = (
				D8CDFDAE2332E16800B14B6A /* Debug */,
				D8CDFDAF2332E16800B14B6A /* Release */,
			);
			defaultConfigurationIsVisible = 0;
			defaultConfigurationName = Release;
		};
		D8CDFDB02332E16800B14B6A /* Build configuration list for PBXNativeTarget "MockAPIWIthURLProtocolTests" */ = {
			isa = XCConfigurationList;
			buildConfigurations = (
				D8CDFDB12332E16800B14B6A /* Debug */,
				D8CDFDB22332E16800B14B6A /* Release */,
			);
			defaultConfigurationIsVisible = 0;
			defaultConfigurationName = Release;
		};
		D8CDFDB32332E16800B14B6A /* Build configuration list for PBXNativeTarget "MockAPIWIthURLProtocolUITests" */ = {
			isa = XCConfigurationList;
			buildConfigurations = (
				D8CDFDB42332E16800B14B6A /* Debug */,
				D8CDFDB52332E16800B14B6A /* Release */,
			);
			defaultConfigurationIsVisible = 0;
			defaultConfigurationName = Release;
		};
/* End XCConfigurationList section */

/* Begin XCVersionGroup section */
		D8CDFD8C2332E16600B14B6A /* MockAPIWIthURLProtocol.xcdatamodeld */ = {
			isa = XCVersionGroup;
			children = (
				D8CDFD8D2332E16600B14B6A /* MockAPIWIthURLProtocol.xcdatamodel */,
			);
			currentVersion = D8CDFD8D2332E16600B14B6A /* MockAPIWIthURLProtocol.xcdatamodel */;
			path = MockAPIWIthURLProtocol.xcdatamodeld;
			sourceTree = "<group>";
			versionGroupType = wrapper.xcdatamodel;
		};
/* End XCVersionGroup section */
	};
	rootObject = D8CDFD7A2332E16600B14B6A /* Project object */;
}
